// !$*UTF8*$!
{
	archiveVersion = 1;
	classes = {
	};
	objectVersion = 55;
	objects = {

/* Begin PBXBuildFile section */
		2C1B02322B04D5B9002DA16C /* menu.csv in CopyFiles */ = {isa = PBXBuildFile; fileRef = 2C71545D2AD9871F00733C2B /* menu.csv */; };
		2C7154562AD9786000733C2B /* Item.cpp in Sources */ = {isa = PBXBuildFile; fileRef = 2C7154542AD9786000733C2B /* Item.cpp */; };
		2C7154592AD9786E00733C2B /* Menu.cpp in Sources */ = {isa = PBXBuildFile; fileRef = 2C7154572AD9786E00733C2B /* Menu.cpp */; };
		2C71545C2AD9787A00733C2B /* Order.cpp in Sources */ = {isa = PBXBuildFile; fileRef = 2C71545A2AD9787A00733C2B /* Order.cpp */; };
		2C7154602AD9873F00733C2B /* MainCourse.cpp in Sources */ = {isa = PBXBuildFile; fileRef = 2C71545E2AD9873F00733C2B /* MainCourse.cpp */; };
		2C7154622AD9876100733C2B /* ItemList.cpp in Sources */ = {isa = PBXBuildFile; fileRef = 2C7154612AD9876100733C2B /* ItemList.cpp */; };
		2C7154642AD9877400733C2B /* Beverage.cpp in Sources */ = {isa = PBXBuildFile; fileRef = 2C7154632AD9877400733C2B /* Beverage.cpp */; };
		2C7154662AD9879000733C2B /* Appetiser.cpp in Sources */ = {isa = PBXBuildFile; fileRef = 2C7154652AD9879000733C2B /* Appetiser.cpp */; };
		2C87208B2AD9768D00B2E438 /* Takeaway.cpp in Sources */ = {isa = PBXBuildFile; fileRef = 2C87208A2AD9768D00B2E438 /* Takeaway.cpp */; };
/* End PBXBuildFile section */

/* Begin PBXCopyFilesBuildPhase section */
		2C8720852AD9768D00B2E438 /* CopyFiles */ = {
			isa = PBXCopyFilesBuildPhase;
			buildActionMask = 12;
			dstPath = "";
			dstSubfolderSpec = 7;
			files = (
				2C1B02322B04D5B9002DA16C /* menu.csv in CopyFiles */,
			);
			runOnlyForDeploymentPostprocessing = 0;
		};
/* End PBXCopyFilesBuildPhase section */

/* Begin PBXFileReference section */
		2C54C8AD2AFBFC5C001D2CA1 /* ItemList.h */ = {isa = PBXFileReference; lastKnownFileType = sourcecode.c.h; path = ItemList.h; sourceTree = "<group>"; };
		2C54C8AE2AFC1012001D2CA1 /* Beverage.h */ = {isa = PBXFileReference; lastKnownFileType = sourcecode.c.h; path = Beverage.h; sourceTree = "<group>"; };
		2C54C8AF2AFC1062001D2CA1 /* MainCourse.h */ = {isa = PBXFileReference; lastKnownFileType = sourcecode.c.h; path = MainCourse.h; sourceTree = "<group>"; };
		2C54C8B02AFC19CA001D2CA1 /* Appetiser.h */ = {isa = PBXFileReference; lastKnownFileType = sourcecode.c.h; path = Appetiser.h; sourceTree = "<group>"; };
		2C7154542AD9786000733C2B /* Item.cpp */ = {isa = PBXFileReference; lastKnownFileType = sourcecode.cpp.cpp; path = Item.cpp; sourceTree = "<group>"; };
		2C7154552AD9786000733C2B /* Item.h */ = {isa = PBXFileReference; lastKnownFileType = sourcecode.c.h; path = Item.h; sourceTree = "<group>"; };
		2C7154572AD9786E00733C2B /* Menu.cpp */ = {isa = PBXFileReference; lastKnownFileType = sourcecode.cpp.cpp; path = Menu.cpp; sourceTree = "<group>"; };
		2C7154582AD9786E00733C2B /* Menu.h */ = {isa = PBXFileReference; lastKnownFileType = sourcecode.c.h; path = Menu.h; sourceTree = "<group>"; };
		2C71545A2AD9787A00733C2B /* Order.cpp */ = {isa = PBXFileReference; lastKnownFileType = sourcecode.cpp.cpp; path = Order.cpp; sourceTree = "<group>"; };
		2C71545B2AD9787A00733C2B /* Order.h */ = {isa = PBXFileReference; lastKnownFileType = sourcecode.c.h; path = Order.h; sourceTree = "<group>"; };
		2C71545D2AD9871F00733C2B /* menu.csv */ = {isa = PBXFileReference; lastKnownFileType = text; path = menu.csv; sourceTree = "<group>"; };
		2C71545E2AD9873F00733C2B /* MainCourse.cpp */ = {isa = PBXFileReference; lastKnownFileType = sourcecode.cpp.cpp; path = MainCourse.cpp; sourceTree = "<group>"; };
		2C7154612AD9876100733C2B /* ItemList.cpp */ = {isa = PBXFileReference; lastKnownFileType = sourcecode.cpp.cpp; path = ItemList.cpp; sourceTree = "<group>"; };
		2C7154632AD9877400733C2B /* Beverage.cpp */ = {isa = PBXFileReference; lastKnownFileType = sourcecode.cpp.cpp; path = Beverage.cpp; sourceTree = "<group>"; };
		2C7154652AD9879000733C2B /* Appetiser.cpp */ = {isa = PBXFileReference; lastKnownFileType = sourcecode.cpp.cpp; path = Appetiser.cpp; sourceTree = "<group>"; };
		2C8720872AD9768D00B2E438 /* TakeAwaySystem */ = {isa = PBXFileReference; explicitFileType = "compiled.mach-o.executable"; includeInIndex = 0; path = TakeAwaySystem; sourceTree = BUILT_PRODUCTS_DIR; };
		2C87208A2AD9768D00B2E438 /* Takeaway.cpp */ = {isa = PBXFileReference; lastKnownFileType = sourcecode.cpp.cpp; path = Takeaway.cpp; sourceTree = "<group>"; };
/* End PBXFileReference section */

/* Begin PBXFrameworksBuildPhase section */
		2C8720842AD9768D00B2E438 /* Frameworks */ = {
			isa = PBXFrameworksBuildPhase;
			buildActionMask = 2147483647;
			files = (
			);
			runOnlyForDeploymentPostprocessing = 0;
		};
/* End PBXFrameworksBuildPhase section */

/* Begin PBXGroup section */
		2C87207E2AD9768D00B2E438 = {
			isa = PBXGroup;
			children = (
				2C8720892AD9768D00B2E438 /* TakeAwaySystem */,
				2C8720882AD9768D00B2E438 /* Products */,
			);
			sourceTree = "<group>";
		};
		2C8720882AD9768D00B2E438 /* Products */ = {
			isa = PBXGroup;
			children = (
				2C8720872AD9768D00B2E438 /* TakeAwaySystem */,
			);
			name = Products;
			sourceTree = "<group>";
		};
		2C8720892AD9768D00B2E438 /* TakeAwaySystem */ = {
			isa = PBXGroup;
			children = (
				2C87208A2AD9768D00B2E438 /* Takeaway.cpp */,
				2C7154542AD9786000733C2B /* Item.cpp */,
				2C7154552AD9786000733C2B /* Item.h */,
				2C7154572AD9786E00733C2B /* Menu.cpp */,
				2C7154582AD9786E00733C2B /* Menu.h */,
				2C71545A2AD9787A00733C2B /* Order.cpp */,
				2C71545B2AD9787A00733C2B /* Order.h */,
				2C71545E2AD9873F00733C2B /* MainCourse.cpp */,
				2C54C8AF2AFC1062001D2CA1 /* MainCourse.h */,
				2C7154612AD9876100733C2B /* ItemList.cpp */,
				2C54C8AD2AFBFC5C001D2CA1 /* ItemList.h */,
				2C7154632AD9877400733C2B /* Beverage.cpp */,
				2C54C8AE2AFC1012001D2CA1 /* Beverage.h */,
				2C7154652AD9879000733C2B /* Appetiser.cpp */,
				2C54C8B02AFC19CA001D2CA1 /* Appetiser.h */,
				2C71545D2AD9871F00733C2B /* menu.csv */,
			);
			path = TakeAwaySystem;
			sourceTree = "<group>";
		};
/* End PBXGroup section */

/* Begin PBXNativeTarget section */
		2C8720862AD9768D00B2E438 /* TakeAwaySystem */ = {
			isa = PBXNativeTarget;
			buildConfigurationList = 2C87208E2AD9768D00B2E438 /* Build configuration list for PBXNativeTarget "TakeAwaySystem" */;
			buildPhases = (
				2C8720832AD9768D00B2E438 /* Sources */,
				2C8720842AD9768D00B2E438 /* Frameworks */,
				2C8720852AD9768D00B2E438 /* CopyFiles */,
			);
			buildRules = (
			);
			dependencies = (
			);
			name = TakeAwaySystem;
			productName = TakeAwaySystem;
			productReference = 2C8720872AD9768D00B2E438 /* TakeAwaySystem */;
			productType = "com.apple.product-type.tool";
		};
/* End PBXNativeTarget section */

/* Begin PBXProject section */
		2C87207F2AD9768D00B2E438 /* Project object */ = {
			isa = PBXProject;
			attributes = {
				BuildIndependentTargetsInParallel = 1;
				LastUpgradeCheck = 1500;
				TargetAttributes = {
					2C8720862AD9768D00B2E438 = {
						CreatedOnToolsVersion = 15.0;
					};
				};
			};
			buildConfigurationList = 2C8720822AD9768D00B2E438 /* Build configuration list for PBXProject "TakeAwaySystem" */;
			compatibilityVersion = "Xcode 13.0";
			developmentRegion = en;
			hasScannedForEncodings = 0;
			knownRegions = (
				en,
				Base,
			);
			mainGroup = 2C87207E2AD9768D00B2E438;
			productRefGroup = 2C8720882AD9768D00B2E438 /* Products */;
			projectDirPath = "";
			projectRoot = "";
			targets = (
				2C8720862AD9768D00B2E438 /* TakeAwaySystem */,
			);
		};
/* End PBXProject section */

/* Begin PBXSourcesBuildPhase section */
		2C8720832AD9768D00B2E438 /* Sources */ = {
			isa = PBXSourcesBuildPhase;
			buildActionMask = 2147483647;
			files = (
				2C7154592AD9786E00733C2B /* Menu.cpp in Sources */,
				2C7154642AD9877400733C2B /* Beverage.cpp in Sources */,
				2C7154562AD9786000733C2B /* Item.cpp in Sources */,
				2C7154662AD9879000733C2B /* Appetiser.cpp in Sources */,
				2C7154622AD9876100733C2B /* ItemList.cpp in Sources */,
				2C71545C2AD9787A00733C2B /* Order.cpp in Sources */,
				2C87208B2AD9768D00B2E438 /* Takeaway.cpp in Sources */,
				2C7154602AD9873F00733C2B /* MainCourse.cpp in Sources */,
			);
			runOnlyForDeploymentPostprocessing = 0;
		};
/* End PBXSourcesBuildPhase section */

/* Begin XCBuildConfiguration section */
		2C87208C2AD9768D00B2E438 /* Debug */ = {
			isa = XCBuildConfiguration;
			buildSettings = {
				ALWAYS_SEARCH_USER_PATHS = NO;
				ASSETCATALOG_COMPILER_GENERATE_SWIFT_ASSET_SYMBOL_EXTENSIONS = YES;
				CLANG_ANALYZER_NONNULL = YES;
				CLANG_ANALYZER_NUMBER_OBJECT_CONVERSION = YES_AGGRESSIVE;
				CLANG_CXX_LANGUAGE_STANDARD = "gnu++20";
				CLANG_ENABLE_MODULES = YES;
				CLANG_ENABLE_OBJC_ARC = YES;
				CLANG_ENABLE_OBJC_WEAK = YES;
				CLANG_WARN_BLOCK_CAPTURE_AUTORELEASING = YES;
				CLANG_WARN_BOOL_CONVERSION = YES;
				CLANG_WARN_COMMA = YES;
				CLANG_WARN_CONSTANT_CONVERSION = YES;
				CLANG_WARN_DEPRECATED_OBJC_IMPLEMENTATIONS = YES;
				CLANG_WARN_DIRECT_OBJC_ISA_USAGE = YES_ERROR;
				CLANG_WARN_DOCUMENTATION_COMMENTS = YES;
				CLANG_WARN_EMPTY_BODY = YES;
				CLANG_WARN_ENUM_CONVERSION = YES;
				CLANG_WARN_INFINITE_RECURSION = YES;
				CLANG_WARN_INT_CONVERSION = YES;
				CLANG_WARN_NON_LITERAL_NULL_CONVERSION = YES;
				CLANG_WARN_OBJC_IMPLICIT_RETAIN_SELF = YES;
				CLANG_WARN_OBJC_LITERAL_CONVERSION = YES;
				CLANG_WARN_OBJC_ROOT_CLASS = YES_ERROR;
				CLANG_WARN_QUOTED_INCLUDE_IN_FRAMEWORK_HEADER = YES;
				CLANG_WARN_RANGE_LOOP_ANALYSIS = YES;
				CLANG_WARN_STRICT_PROTOTYPES = YES;
				CLANG_WARN_SUSPICIOUS_MOVE = YES;
				CLANG_WARN_UNGUARDED_AVAILABILITY = YES_AGGRESSIVE;
				CLANG_WARN_UNREACHABLE_CODE = YES;
				CLANG_WARN__DUPLICATE_METHOD_MATCH = YES;
				COPY_PHASE_STRIP = NO;
				DEBUG_INFORMATION_FORMAT = dwarf;
				ENABLE_STRICT_OBJC_MSGSEND = YES;
				ENABLE_TESTABILITY = YES;
				ENABLE_USER_SCRIPT_SANDBOXING = YES;
				GCC_C_LANGUAGE_STANDARD = gnu17;
				GCC_DYNAMIC_NO_PIC = NO;
				GCC_NO_COMMON_BLOCKS = YES;
				GCC_OPTIMIZATION_LEVEL = 0;
				GCC_PREPROCESSOR_DEFINITIONS = (
					"DEBUG=1",
					"$(inherited)",
				);
				GCC_WARN_64_TO_32_BIT_CONVERSION = YES;
				GCC_WARN_ABOUT_RETURN_TYPE = YES_ERROR;
				GCC_WARN_UNDECLARED_SELECTOR = YES;
				GCC_WARN_UNINITIALIZED_AUTOS = YES_AGGRESSIVE;
				GCC_WARN_UNUSED_FUNCTION = YES;
				GCC_WARN_UNUSED_VARIABLE = YES;
				LOCALIZATION_PREFERS_STRING_CATALOGS = YES;
				MACOSX_DEPLOYMENT_TARGET = 14.0;
				MTL_ENABLE_DEBUG_INFO = INCLUDE_SOURCE;
				MTL_FAST_MATH = YES;
				ONLY_ACTIVE_ARCH = YES;
				SDKROOT = macosx;
			};
			name = Debug;
		};
		2C87208D2AD9768D00B2E438 /* Release */ = {
			isa = XCBuildConfiguration;
			buildSettings = {
				ALWAYS_SEARCH_USER_PATHS = NO;
				ASSETCATALOG_COMPILER_GENERATE_SWIFT_ASSET_SYMBOL_EXTENSIONS = YES;
				CLANG_ANALYZER_NONNULL = YES;
				CLANG_ANALYZER_NUMBER_OBJECT_CONVERSION = YES_AGGRESSIVE;
				CLANG_CXX_LANGUAGE_STANDARD = "gnu++20";
				CLANG_ENABLE_MODULES = YES;
				CLANG_ENABLE_OBJC_ARC = YES;
				CLANG_ENABLE_OBJC_WEAK = YES;
				CLANG_WARN_BLOCK_CAPTURE_AUTORELEASING = YES;
				CLANG_WARN_BOOL_CONVERSION = YES;
				CLANG_WARN_COMMA = YES;
				CLANG_WARN_CONSTANT_CONVERSION = YES;
				CLANG_WARN_DEPRECATED_OBJC_IMPLEMENTATIONS = YES;
				CLANG_WARN_DIRECT_OBJC_ISA_USAGE = YES_ERROR;
				CLANG_WARN_DOCUMENTATION_COMMENTS = YES;
				CLANG_WARN_EMPTY_BODY = YES;
				CLANG_WARN_ENUM_CONVERSION = YES;
				CLANG_WARN_INFINITE_RECURSION = YES;
				CLANG_WARN_INT_CONVERSION = YES;
				CLANG_WARN_NON_LITERAL_NULL_CONVERSION = YES;
				CLANG_WARN_OBJC_IMPLICIT_RETAIN_SELF = YES;
				CLANG_WARN_OBJC_LITERAL_CONVERSION = YES;
				CLANG_WARN_OBJC_ROOT_CLASS = YES_ERROR;
				CLANG_WARN_QUOTED_INCLUDE_IN_FRAMEWORK_HEADER = YES;
				CLANG_WARN_RANGE_LOOP_ANALYSIS = YES;
				CLANG_WARN_STRICT_PROTOTYPES = YES;
				CLANG_WARN_SUSPICIOUS_MOVE = YES;
				CLANG_WARN_UNGUARDED_AVAILABILITY = YES_AGGRESSIVE;
				CLANG_WARN_UNREACHABLE_CODE = YES;
				CLANG_WARN__DUPLICATE_METHOD_MATCH = YES;
				COPY_PHASE_STRIP = NO;
				DEBUG_INFORMATION_FORMAT = "dwarf-with-dsym";
				ENABLE_NS_ASSERTIONS = NO;
				ENABLE_STRICT_OBJC_MSGSEND = YES;
				ENABLE_USER_SCRIPT_SANDBOXING = YES;
				GCC_C_LANGUAGE_STANDARD = gnu17;
				GCC_NO_COMMON_BLOCKS = YES;
				GCC_WARN_64_TO_32_BIT_CONVERSION = YES;
				GCC_WARN_ABOUT_RETURN_TYPE = YES_ERROR;
				GCC_WARN_UNDECLARED_SELECTOR = YES;
				GCC_WARN_UNINITIALIZED_AUTOS = YES_AGGRESSIVE;
				GCC_WARN_UNUSED_FUNCTION = YES;
				GCC_WARN_UNUSED_VARIABLE = YES;
				LOCALIZATION_PREFERS_STRING_CATALOGS = YES;
				MACOSX_DEPLOYMENT_TARGET = 14.0;
				MTL_ENABLE_DEBUG_INFO = NO;
				MTL_FAST_MATH = YES;
				SDKROOT = macosx;
			};
			name = Release;
		};
		2C87208F2AD9768D00B2E438 /* Debug */ = {
			isa = XCBuildConfiguration;
			buildSettings = {
				"CODE_SIGN_IDENTITY[sdk=macosx*]" = "-";
				CODE_SIGN_STYLE = Automatic;
				DEVELOPMENT_ASSET_PATHS = "";
				MACOSX_DEPLOYMENT_TARGET = 13;
				PRODUCT_NAME = "$(TARGET_NAME)";
			};
			name = Debug;
		};
		2C8720902AD9768D00B2E438 /* Release */ = {
			isa = XCBuildConfiguration;
			buildSettings = {
				"CODE_SIGN_IDENTITY[sdk=macosx*]" = "-";
				CODE_SIGN_STYLE = Automatic;
				DEVELOPMENT_ASSET_PATHS = "";
				MACOSX_DEPLOYMENT_TARGET = 13;
				PRODUCT_NAME = "$(TARGET_NAME)";
			};
			name = Release;
		};
/* End XCBuildConfiguration section */

/* Begin XCConfigurationList section */
		2C8720822AD9768D00B2E438 /* Build configuration list for PBXProject "TakeAwaySystem" */ = {
			isa = XCConfigurationList;
			buildConfigurations = (
				2C87208C2AD9768D00B2E438 /* Debug */,
				2C87208D2AD9768D00B2E438 /* Release */,
			);
			defaultConfigurationIsVisible = 0;
			defaultConfigurationName = Release;
		};
		2C87208E2AD9768D00B2E438 /* Build configuration list for PBXNativeTarget "TakeAwaySystem" */ = {
			isa = XCConfigurationList;
			buildConfigurations = (
				2C87208F2AD9768D00B2E438 /* Debug */,
				2C8720902AD9768D00B2E438 /* Release */,
			);
			defaultConfigurationIsVisible = 0;
			defaultConfigurationName = Release;
		};
/* End XCConfigurationList section */
	};
	rootObject = 2C87207F2AD9768D00B2E438 /* Project object */;
}
